// !$*UTF8*$!
{
	archiveVersion = 1;
	classes = {
	};
	objectVersion = 50;
	objects = {

/* Begin PBXBuildFile section */
		3C0C3046268B871E0051FBBD /* AppDelegate.swift in Sources */ = {isa = PBXBuildFile; fileRef = 3C0C3045268B871E0051FBBD /* AppDelegate.swift */; };
		3C0C3048268B871E0051FBBD /* SceneDelegate.swift in Sources */ = {isa = PBXBuildFile; fileRef = 3C0C3047268B871E0051FBBD /* SceneDelegate.swift */; };
		3C0C304A268B871E0051FBBD /* ViewController.swift in Sources */ = {isa = PBXBuildFile; fileRef = 3C0C3049268B871E0051FBBD /* ViewController.swift */; };
		3C0C304D268B871E0051FBBD /* Main.storyboard in Resources */ = {isa = PBXBuildFile; fileRef = 3C0C304B268B871E0051FBBD /* Main.storyboard */; };
		3C0C304F268B871F0051FBBD /* Assets.xcassets in Resources */ = {isa = PBXBuildFile; fileRef = 3C0C304E268B871F0051FBBD /* Assets.xcassets */; };
		3C0C3052268B871F0051FBBD /* LaunchScreen.storyboard in Resources */ = {isa = PBXBuildFile; fileRef = 3C0C3050268B871F0051FBBD /* LaunchScreen.storyboard */; };
		3C0C3069268C96210051FBBD /* OpenSans-LightItalic.ttf in Resources */ = {isa = PBXBuildFile; fileRef = 3C0C305E268C96200051FBBD /* OpenSans-LightItalic.ttf */; };
		3C0C306A268C96210051FBBD /* OpenSans-Light.ttf in Resources */ = {isa = PBXBuildFile; fileRef = 3C0C305F268C96200051FBBD /* OpenSans-Light.ttf */; };
		3C0C306B268C96210051FBBD /* OpenSans-Bold.ttf in Resources */ = {isa = PBXBuildFile; fileRef = 3C0C3060268C96200051FBBD /* OpenSans-Bold.ttf */; };
		3C0C306C268C96210051FBBD /* OpenSans-SemiBoldItalic.ttf in Resources */ = {isa = PBXBuildFile; fileRef = 3C0C3061268C96200051FBBD /* OpenSans-SemiBoldItalic.ttf */; };
		3C0C306D268C96210051FBBD /* LICENSE.txt in Resources */ = {isa = PBXBuildFile; fileRef = 3C0C3062268C96200051FBBD /* LICENSE.txt */; };
		3C0C306E268C96210051FBBD /* OpenSans-Italic.ttf in Resources */ = {isa = PBXBuildFile; fileRef = 3C0C3063268C96200051FBBD /* OpenSans-Italic.ttf */; };
		3C0C306F268C96210051FBBD /* OpenSans-ExtraBold.ttf in Resources */ = {isa = PBXBuildFile; fileRef = 3C0C3064268C96200051FBBD /* OpenSans-ExtraBold.ttf */; };
		3C0C3070268C96210051FBBD /* OpenSans-ExtraBoldItalic.ttf in Resources */ = {isa = PBXBuildFile; fileRef = 3C0C3065268C96200051FBBD /* OpenSans-ExtraBoldItalic.ttf */; };
		3C0C3071268C96210051FBBD /* OpenSans-BoldItalic.ttf in Resources */ = {isa = PBXBuildFile; fileRef = 3C0C3066268C96210051FBBD /* OpenSans-BoldItalic.ttf */; };
		3C0C3072268C96210051FBBD /* OpenSans-Regular.ttf in Resources */ = {isa = PBXBuildFile; fileRef = 3C0C3067268C96210051FBBD /* OpenSans-Regular.ttf */; };
		3C0C3073268C96210051FBBD /* OpenSans-SemiBold.ttf in Resources */ = {isa = PBXBuildFile; fileRef = 3C0C3068268C96210051FBBD /* OpenSans-SemiBold.ttf */; };
/* End PBXBuildFile section */

/* Begin PBXFileReference section */
		3C0C3042268B871E0051FBBD /* work2.app */ = {isa = PBXFileReference; explicitFileType = wrapper.application; includeInIndex = 0; path = work2.app; sourceTree = BUILT_PRODUCTS_DIR; };
		3C0C3045268B871E0051FBBD /* AppDelegate.swift */ = {isa = PBXFileReference; lastKnownFileType = sourcecode.swift; path = AppDelegate.swift; sourceTree = "<group>"; };
		3C0C3047268B871E0051FBBD /* SceneDelegate.swift */ = {isa = PBXFileReference; lastKnownFileType = sourcecode.swift; path = SceneDelegate.swift; sourceTree = "<group>"; };
		3C0C3049268B871E0051FBBD /* ViewController.swift */ = {isa = PBXFileReference; lastKnownFileType = sourcecode.swift; path = ViewController.swift; sourceTree = "<group>"; };
		3C0C304C268B871E0051FBBD /* Base */ = {isa = PBXFileReference; lastKnownFileType = file.storyboard; name = Base; path = Base.lproj/Main.storyboard; sourceTree = "<group>"; };
		3C0C304E268B871F0051FBBD /* Assets.xcassets */ = {isa = PBXFileReference; lastKnownFileType = folder.assetcatalog; path = Assets.xcassets; sourceTree = "<group>"; };
		3C0C3051268B871F0051FBBD /* Base */ = {isa = PBXFileReference; lastKnownFileType = file.storyboard; name = Base; path = Base.lproj/LaunchScreen.storyboard; sourceTree = "<group>"; };
		3C0C3053268B871F0051FBBD /* Info.plist */ = {isa = PBXFileReference; lastKnownFileType = text.plist.xml; path = Info.plist; sourceTree = "<group>"; };
		3C0C305E268C96200051FBBD /* OpenSans-LightItalic.ttf */ = {isa = PBXFileReference; lastKnownFileType = file; path = "OpenSans-LightItalic.ttf"; sourceTree = "<group>"; };
		3C0C305F268C96200051FBBD /* OpenSans-Light.ttf */ = {isa = PBXFileReference; lastKnownFileType = file; path = "OpenSans-Light.ttf"; sourceTree = "<group>"; };
		3C0C3060268C96200051FBBD /* OpenSans-Bold.ttf */ = {isa = PBXFileReference; lastKnownFileType = file; path = "OpenSans-Bold.ttf"; sourceTree = "<group>"; };
		3C0C3061268C96200051FBBD /* OpenSans-SemiBoldItalic.ttf */ = {isa = PBXFileReference; lastKnownFileType = file; path = "OpenSans-SemiBoldItalic.ttf"; sourceTree = "<group>"; };
		3C0C3062268C96200051FBBD /* LICENSE.txt */ = {isa = PBXFileReference; fileEncoding = 4; lastKnownFileType = text; path = LICENSE.txt; sourceTree = "<group>"; };
		3C0C3063268C96200051FBBD /* OpenSans-Italic.ttf */ = {isa = PBXFileReference; lastKnownFileType = file; path = "OpenSans-Italic.ttf"; sourceTree = "<group>"; };
		3C0C3064268C96200051FBBD /* OpenSans-ExtraBold.ttf */ = {isa = PBXFileReference; lastKnownFileType = file; path = "OpenSans-ExtraBold.ttf"; sourceTree = "<group>"; };
		3C0C3065268C96200051FBBD /* OpenSans-ExtraBoldItalic.ttf */ = {isa = PBXFileReference; lastKnownFileType = file; path = "OpenSans-ExtraBoldItalic.ttf"; sourceTree = "<group>"; };
		3C0C3066268C96210051FBBD /* OpenSans-BoldItalic.ttf */ = {isa = PBXFileReference; lastKnownFileType = file; path = "OpenSans-BoldItalic.ttf"; sourceTree = "<group>"; };
		3C0C3067268C96210051FBBD /* OpenSans-Regular.ttf */ = {isa = PBXFileReference; lastKnownFileType = file; path = "OpenSans-Regular.ttf"; sourceTree = "<group>"; };
		3C0C3068268C96210051FBBD /* OpenSans-SemiBold.ttf */ = {isa = PBXFileReference; lastKnownFileType = file; path = "OpenSans-SemiBold.ttf"; sourceTree = "<group>"; };
/* End PBXFileReference section */

/* Begin PBXFrameworksBuildPhase section */
		3C0C303F268B871E0051FBBD /* Frameworks */ = {
			isa = PBXFrameworksBuildPhase;
			buildActionMask = 2147483647;
			files = (
			);
			runOnlyForDeploymentPostprocessing = 0;
		};
/* End PBXFrameworksBuildPhase section */

/* Begin PBXGroup section */
		3C0C3039268B871E0051FBBD = {
			isa = PBXGroup;
			children = (
				3C0C3044268B871E0051FBBD /* work2 */,
				3C0C3043268B871E0051FBBD /* Products */,
			);
			sourceTree = "<group>";
		};
		3C0C3043268B871E0051FBBD /* Products */ = {
			isa = PBXGroup;
			children = (
				3C0C3042268B871E0051FBBD /* work2.app */,
			);
			name = Products;
			sourceTree = "<group>";
		};
		3C0C3044268B871E0051FBBD /* work2 */ = {
			isa = PBXGroup;
			children = (
				3C0C305D268C96070051FBBD /* Resources */,
				3C0C3045268B871E0051FBBD /* AppDelegate.swift */,
				3C0C3047268B871E0051FBBD /* SceneDelegate.swift */,
				3C0C3049268B871E0051FBBD /* ViewController.swift */,
				3C0C304B268B871E0051FBBD /* Main.storyboard */,
				3C0C304E268B871F0051FBBD /* Assets.xcassets */,
				3C0C3050268B871F0051FBBD /* LaunchScreen.storyboard */,
				3C0C3053268B871F0051FBBD /* Info.plist */,
			);
			path = work2;
			sourceTree = "<group>";
		};
		3C0C305D268C96070051FBBD /* Resources */ = {
			isa = PBXGroup;
			children = (
				3C0C3062268C96200051FBBD /* LICENSE.txt */,
				3C0C3060268C96200051FBBD /* OpenSans-Bold.ttf */,
				3C0C3066268C96210051FBBD /* OpenSans-BoldItalic.ttf */,
				3C0C3064268C96200051FBBD /* OpenSans-ExtraBold.ttf */,
				3C0C3065268C96200051FBBD /* OpenSans-ExtraBoldItalic.ttf */,
				3C0C3063268C96200051FBBD /* OpenSans-Italic.ttf */,
				3C0C305F268C96200051FBBD /* OpenSans-Light.ttf */,
				3C0C305E268C96200051FBBD /* OpenSans-LightItalic.ttf */,
				3C0C3067268C96210051FBBD /* OpenSans-Regular.ttf */,
				3C0C3068268C96210051FBBD /* OpenSans-SemiBold.ttf */,
				3C0C3061268C96200051FBBD /* OpenSans-SemiBoldItalic.ttf */,
			);
			path = Resources;
			sourceTree = "<group>";
		};
/* End PBXGroup section */

/* Begin PBXNativeTarget section */
		3C0C3041268B871E0051FBBD /* work2 */ = {
			isa = PBXNativeTarget;
			buildConfigurationList = 3C0C3056268B871F0051FBBD /* Build configuration list for PBXNativeTarget "work2" */;
			buildPhases = (
				3C0C303E268B871E0051FBBD /* Sources */,
				3C0C303F268B871E0051FBBD /* Frameworks */,
				3C0C3040268B871E0051FBBD /* Resources */,
			);
			buildRules = (
			);
			dependencies = (
			);
			name = work2;
			productName = work2;
			productReference = 3C0C3042268B871E0051FBBD /* work2.app */;
			productType = "com.apple.product-type.application";
		};
/* End PBXNativeTarget section */

/* Begin PBXProject section */
		3C0C303A268B871E0051FBBD /* Project object */ = {
			isa = PBXProject;
			attributes = {
				LastSwiftUpdateCheck = 1250;
				LastUpgradeCheck = 1250;
				TargetAttributes = {
					3C0C3041268B871E0051FBBD = {
						CreatedOnToolsVersion = 12.5;
					};
				};
			};
			buildConfigurationList = 3C0C303D268B871E0051FBBD /* Build configuration list for PBXProject "work2" */;
			compatibilityVersion = "Xcode 9.3";
			developmentRegion = en;
			hasScannedForEncodings = 0;
			knownRegions = (
				en,
				Base,
			);
			mainGroup = 3C0C3039268B871E0051FBBD;
			productRefGroup = 3C0C3043268B871E0051FBBD /* Products */;
			projectDirPath = "";
			projectRoot = "";
			targets = (
				3C0C3041268B871E0051FBBD /* work2 */,
			);
		};
/* End PBXProject section */

/* Begin PBXResourcesBuildPhase section */
		3C0C3040268B871E0051FBBD /* Resources */ = {
			isa = PBXResourcesBuildPhase;
			buildActionMask = 2147483647;
			files = (
				3C0C306E268C96210051FBBD /* OpenSans-Italic.ttf in Resources */,
				3C0C3052268B871F0051FBBD /* LaunchScreen.storyboard in Resources */,
				3C0C3073268C96210051FBBD /* OpenSans-SemiBold.ttf in Resources */,
				3C0C304F268B871F0051FBBD /* Assets.xcassets in Resources */,
				3C0C306B268C96210051FBBD /* OpenSans-Bold.ttf in Resources */,
				3C0C3069268C96210051FBBD /* OpenSans-LightItalic.ttf in Resources */,
				3C0C306D268C96210051FBBD /* LICENSE.txt in Resources */,
				3C0C3071268C96210051FBBD /* OpenSans-BoldItalic.ttf in Resources */,
				3C0C306A268C96210051FBBD /* OpenSans-Light.ttf in Resources */,
				3C0C306C268C96210051FBBD /* OpenSans-SemiBoldItalic.ttf in Resources */,
				3C0C304D268B871E0051FBBD /* Main.storyboard in Resources */,
				3C0C3070268C96210051FBBD /* OpenSans-ExtraBoldItalic.ttf in Resources */,
				3C0C3072268C96210051FBBD /* OpenSans-Regular.ttf in Resources */,
				3C0C306F268C96210051FBBD /* OpenSans-ExtraBold.ttf in Resources */,
			);
			runOnlyForDeploymentPostprocessing = 0;
		};
/* End PBXResourcesBuildPhase section */

/* Begin PBXSourcesBuildPhase section */
		3C0C303E268B871E0051FBBD /* Sources */ = {
			isa = PBXSourcesBuildPhase;
			buildActionMask = 2147483647;
			files = (
				3C0C304A268B871E0051FBBD /* ViewController.swift in Sources */,
				3C0C3046268B871E0051FBBD /* AppDelegate.swift in Sources */,
				3C0C3048268B871E0051FBBD /* SceneDelegate.swift in Sources */,
			);
			runOnlyForDeploymentPostprocessing = 0;
		};
/* End PBXSourcesBuildPhase section */

/* Begin PBXVariantGroup section */
		3C0C304B268B871E0051FBBD /* Main.storyboard */ = {
			isa = PBXVariantGroup;
			children = (
				3C0C304C268B871E0051FBBD /* Base */,
			);
			name = Main.storyboard;
			sourceTree = "<group>";
		};
		3C0C3050268B871F0051FBBD /* LaunchScreen.storyboard */ = {
			isa = PBXVariantGroup;
			children = (
				3C0C3051268B871F0051FBBD /* Base */,
			);
			name = LaunchScreen.storyboard;
			sourceTree = "<group>";
		};
/* End PBXVariantGroup section */

/* Begin XCBuildConfiguration section */
		3C0C3054268B871F0051FBBD /* Debug */ = {
			isa = XCBuildConfiguration;
			buildSettings = {
				ALWAYS_SEARCH_USER_PATHS = NO;
				CLANG_ANALYZER_NONNULL = YES;
				CLANG_ANALYZER_NUMBER_OBJECT_CONVERSION = YES_AGGRESSIVE;
				CLANG_CXX_LANGUAGE_STANDARD = "gnu++14";
				CLANG_CXX_LIBRARY = "libc++";
				CLANG_ENABLE_MODULES = YES;
				CLANG_ENABLE_OBJC_ARC = YES;
				CLANG_ENABLE_OBJC_WEAK = YES;
				CLANG_WARN_BLOCK_CAPTURE_AUTORELEASING = YES;
				CLANG_WARN_BOOL_CONVERSION = YES;
				CLANG_WARN_COMMA = YES;
				CLANG_WARN_CONSTANT_CONVERSION = YES;
				CLANG_WARN_DEPRECATED_OBJC_IMPLEMENTATIONS = YES;
				CLANG_WARN_DIRECT_OBJC_ISA_USAGE = YES_ERROR;
				CLANG_WARN_DOCUMENTATION_COMMENTS = YES;
				CLANG_WARN_EMPTY_BODY = YES;
				CLANG_WARN_ENUM_CONVERSION = YES;
				CLANG_WARN_INFINITE_RECURSION = YES;
				CLANG_WARN_INT_CONVERSION = YES;
				CLANG_WARN_NON_LITERAL_NULL_CONVERSION = YES;
				CLANG_WARN_OBJC_IMPLICIT_RETAIN_SELF = YES;
				CLANG_WARN_OBJC_LITERAL_CONVERSION = YES;
				CLANG_WARN_OBJC_ROOT_CLASS = YES_ERROR;
				CLANG_WARN_QUOTED_INCLUDE_IN_FRAMEWORK_HEADER = YES;
				CLANG_WARN_RANGE_LOOP_ANALYSIS = YES;
				CLANG_WARN_STRICT_PROTOTYPES = YES;
				CLANG_WARN_SUSPICIOUS_MOVE = YES;
				CLANG_WARN_UNGUARDED_AVAILABILITY = YES_AGGRESSIVE;
				CLANG_WARN_UNREACHABLE_CODE = YES;
				CLANG_WARN__DUPLICATE_METHOD_MATCH = YES;
				COPY_PHASE_STRIP = NO;
				DEBUG_INFORMATION_FORMAT = dwarf;
				ENABLE_STRICT_OBJC_MSGSEND = YES;
				ENABLE_TESTABILITY = YES;
				GCC_C_LANGUAGE_STANDARD = gnu11;
				GCC_DYNAMIC_NO_PIC = NO;
				GCC_NO_COMMON_BLOCKS = YES;
				GCC_OPTIMIZATION_LEVEL = 0;
				GCC_PREPROCESSOR_DEFINITIONS = (
					"DEBUG=1",
					"$(inherited)",
				);
				GCC_WARN_64_TO_32_BIT_CONVERSION = YES;
				GCC_WARN_ABOUT_RETURN_TYPE = YES_ERROR;
				GCC_WARN_UNDECLARED_SELECTOR = YES;
				GCC_WARN_UNINITIALIZED_AUTOS = YES_AGGRESSIVE;
				GCC_WARN_UNUSED_FUNCTION = YES;
				GCC_WARN_UNUSED_VARIABLE = YES;
				IPHONEOS_DEPLOYMENT_TARGET = 14.5;
				MTL_ENABLE_DEBUG_INFO = INCLUDE_SOURCE;
				MTL_FAST_MATH = YES;
				ONLY_ACTIVE_ARCH = YES;
				SDKROOT = iphoneos;
				SWIFT_ACTIVE_COMPILATION_CONDITIONS = DEBUG;
				SWIFT_OPTIMIZATION_LEVEL = "-Onone";
			};
			name = Debug;
		};
		3C0C3055268B871F0051FBBD /* Release */ = {
			isa = XCBuildConfiguration;
			buildSettings = {
				ALWAYS_SEARCH_USER_PATHS = NO;
				CLANG_ANALYZER_NONNULL = YES;
				CLANG_ANALYZER_NUMBER_OBJECT_CONVERSION = YES_AGGRESSIVE;
				CLANG_CXX_LANGUAGE_STANDARD = "gnu++14";
				CLANG_CXX_LIBRARY = "libc++";
				CLANG_ENABLE_MODULES = YES;
				CLANG_ENABLE_OBJC_ARC = YES;
				CLANG_ENABLE_OBJC_WEAK = YES;
				CLANG_WARN_BLOCK_CAPTURE_AUTORELEASING = YES;
				CLANG_WARN_BOOL_CONVERSION = YES;
				CLANG_WARN_COMMA = YES;
				CLANG_WARN_CONSTANT_CONVERSION = YES;
				CLANG_WARN_DEPRECATED_OBJC_IMPLEMENTATIONS = YES;
				CLANG_WARN_DIRECT_OBJC_ISA_USAGE = YES_ERROR;
				CLANG_WARN_DOCUMENTATION_COMMENTS = YES;
				CLANG_WARN_EMPTY_BODY = YES;
				CLANG_WARN_ENUM_CONVERSION = YES;
				CLANG_WARN_INFINITE_RECURSION = YES;
				CLANG_WARN_INT_CONVERSION = YES;
				CLANG_WARN_NON_LITERAL_NULL_CONVERSION = YES;
				CLANG_WARN_OBJC_IMPLICIT_RETAIN_SELF = YES;
				CLANG_WARN_OBJC_LITERAL_CONVERSION = YES;
				CLANG_WARN_OBJC_ROOT_CLASS = YES_ERROR;
				CLANG_WARN_QUOTED_INCLUDE_IN_FRAMEWORK_HEADER = YES;
				CLANG_WARN_RANGE_LOOP_ANALYSIS = YES;
				CLANG_WARN_STRICT_PROTOTYPES = YES;
				CLANG_WARN_SUSPICIOUS_MOVE = YES;
				CLANG_WARN_UNGUARDED_AVAILABILITY = YES_AGGRESSIVE;
				CLANG_WARN_UNREACHABLE_CODE = YES;
				CLANG_WARN__DUPLICATE_METHOD_MATCH = YES;
				COPY_PHASE_STRIP = NO;
				DEBUG_INFORMATION_FORMAT = "dwarf-with-dsym";
				ENABLE_NS_ASSERTIONS = NO;
				ENABLE_STRICT_OBJC_MSGSEND = YES;
				GCC_C_LANGUAGE_STANDARD = gnu11;
				GCC_NO_COMMON_BLOCKS = YES;
				GCC_WARN_64_TO_32_BIT_CONVERSION = YES;
				GCC_WARN_ABOUT_RETURN_TYPE = YES_ERROR;
				GCC_WARN_UNDECLARED_SELECTOR = YES;
				GCC_WARN_UNINITIALIZED_AUTOS = YES_AGGRESSIVE;
				GCC_WARN_UNUSED_FUNCTION = YES;
				GCC_WARN_UNUSED_VARIABLE = YES;
				IPHONEOS_DEPLOYMENT_TARGET = 14.5;
				MTL_ENABLE_DEBUG_INFO = NO;
				MTL_FAST_MATH = YES;
				SDKROOT = iphoneos;
				SWIFT_COMPILATION_MODE = wholemodule;
				SWIFT_OPTIMIZATION_LEVEL = "-O";
				VALIDATE_PRODUCT = YES;
			};
			name = Release;
		};
		3C0C3057268B871F0051FBBD /* Debug */ = {
			isa = XCBuildConfiguration;
			buildSettings = {
				ASSETCATALOG_COMPILER_APPICON_NAME = AppIcon;
				ASSETCATALOG_COMPILER_GLOBAL_ACCENT_COLOR_NAME = AccentColor;
				CODE_SIGN_STYLE = Automatic;
				DEVELOPMENT_TEAM = 44T8AV446D;
				INFOPLIST_FILE = work2/Info.plist;
				LD_RUNPATH_SEARCH_PATHS = (
					"$(inherited)",
					"@executable_path/Frameworks",
				);
				PRODUCT_BUNDLE_IDENTIFIER = prog.work2;
				PRODUCT_NAME = "$(TARGET_NAME)";
				SWIFT_VERSION = 5.0;
				TARGETED_DEVICE_FAMILY = "1,2";
			};
			name = Debug;
		};
		3C0C3058268B871F0051FBBD /* Release */ = {
			isa = XCBuildConfiguration;
			buildSettings = {
				ASSETCATALOG_COMPILER_APPICON_NAME = AppIcon;
				ASSETCATALOG_COMPILER_GLOBAL_ACCENT_COLOR_NAME = AccentColor;
				CODE_SIGN_STYLE = Automatic;
				DEVELOPMENT_TEAM = 44T8AV446D;
				INFOPLIST_FILE = work2/Info.plist;
				LD_RUNPATH_SEARCH_PATHS = (
					"$(inherited)",
					"@executable_path/Frameworks",
				);
				PRODUCT_BUNDLE_IDENTIFIER = prog.work2;
				PRODUCT_NAME = "$(TARGET_NAME)";
				SWIFT_VERSION = 5.0;
				TARGETED_DEVICE_FAMILY = "1,2";
			};
			name = Release;
		};
/* End XCBuildConfiguration section */

/* Begin XCConfigurationList section */
		3C0C303D268B871E0051FBBD /* Build configuration list for PBXProject "work2" */ = {
			isa = XCConfigurationList;
			buildConfigurations = (
				3C0C3054268B871F0051FBBD /* Debug */,
				3C0C3055268B871F0051FBBD /* Release */,
			);
			defaultConfigurationIsVisible = 0;
			defaultConfigurationName = Release;
		};
		3C0C3056268B871F0051FBBD /* Build configuration list for PBXNativeTarget "work2" */ = {
			isa = XCConfigurationList;
			buildConfigurations = (
				3C0C3057268B871F0051FBBD /* Debug */,
				3C0C3058268B871F0051FBBD /* Release */,
			);
			defaultConfigurationIsVisible = 0;
			defaultConfigurationName = Release;
		};
/* End XCConfigurationList section */
	};
	rootObject = 3C0C303A268B871E0051FBBD /* Project object */;
}
